
Microsoft Visual Studio Solution File, Format Version 9.00
# Visual Studio 2005
Project("{FAE04EC0-301F-11D3-BF4B-00C04F79EFBC}") = "CountPerKeyPlugin", "CountPerKeyPlugin.csproj", "{68779BE8-B798-4F80-B979-20D81C06C193}"
EndProject
Global
	GlobalSection(SolutionConfigurationPlatforms) = preSolution
		Debug|Any CPU = Debug|Any CPU
		Release|Any CPU = Release|Any CPU
	EndGlobalSection
	GlobalSection(ProjectConfigurationPlatforms) = postSolution
		{68779BE8-B798-4F80-B979-20D81C06C193}.Debug|Any CPU.ActiveCfg = Debug|Any CPU
		{68779BE8-B798-4F80-B979-20D81C06C193}.Debug|Any CPU.Build.0 = Debug|Any CPU
		{68779BE8-B798-4F80-B979-20D81C06C193}.Release|Any CPU.ActiveCfg = Release|Any CPU
		{68779BE8-B798-4F80-B979-20D81C06C193}.Release|Any CPU.Build.0 = Release|Any CPU
	EndGlobalSection
	GlobalSection(SolutionProperties) = preSolution
		HideSolutionNode = FALSE
	EndGlobalSection
EndGlobal
